
Microsoft Visual Studio Solution File, Format Version 12.00
# Visual Studio Version 16
VisualStudioVersion = 16.0.30611.23
MinimumVisualStudioVersion = 10.0.40219.1
Project("{9A19103F-16F7-4668-BE54-9A1E7A4F7556}") = "TKOM_Compiler", "TKOM_Compiler\TKOM_Compiler.csproj", "{26061FB4-4182-43ED-BA44-9DC699DF13A9}"
EndProject
Project("{9A19103F-16F7-4668-BE54-9A1E7A4F7556}") = "UnitTests", "UnitTestProject1\UnitTests.csproj", "{E63C662E-73BF-47C7-9907-A7B983AF37F5}"
EndProject
Project("{FAE04EC0-301F-11D3-BF4B-00C04F79EFBC}") = "Compiler_Tests_From_File", "Compiler_Tests_From_File\Compiler_Tests_From_File.csproj", "{2E459C8C-1143-4D45-8406-951AA9E3AADB}"
EndProject
Global
	GlobalSection(SolutionConfigurationPlatforms) = preSolution
		Debug|Any CPU = Debug|Any CPU
		Release|Any CPU = Release|Any CPU
	EndGlobalSection
	GlobalSection(ProjectConfigurationPlatforms) = postSolution
		{26061FB4-4182-43ED-BA44-9DC699DF13A9}.Debug|Any CPU.ActiveCfg = Debug|Any CPU
		{26061FB4-4182-43ED-BA44-9DC699DF13A9}.Debug|Any CPU.Build.0 = Debug|Any CPU
		{26061FB4-4182-43ED-BA44-9DC699DF13A9}.Release|Any CPU.ActiveCfg = Release|Any CPU
		{26061FB4-4182-43ED-BA44-9DC699DF13A9}.Release|Any CPU.Build.0 = Release|Any CPU
		{E63C662E-73BF-47C7-9907-A7B983AF37F5}.Debug|Any CPU.ActiveCfg = Debug|Any CPU
		{E63C662E-73BF-47C7-9907-A7B983AF37F5}.Debug|Any CPU.Build.0 = Debug|Any CPU
		{E63C662E-73BF-47C7-9907-A7B983AF37F5}.Release|Any CPU.ActiveCfg = Release|Any CPU
		{E63C662E-73BF-47C7-9907-A7B983AF37F5}.Release|Any CPU.Build.0 = Release|Any CPU
		{2E459C8C-1143-4D45-8406-951AA9E3AADB}.Debug|Any CPU.ActiveCfg = Debug|Any CPU
		{2E459C8C-1143-4D45-8406-951AA9E3AADB}.Debug|Any CPU.Build.0 = Debug|Any CPU
		{2E459C8C-1143-4D45-8406-951AA9E3AADB}.Release|Any CPU.ActiveCfg = Release|Any CPU
		{2E459C8C-1143-4D45-8406-951AA9E3AADB}.Release|Any CPU.Build.0 = Release|Any CPU
	EndGlobalSection
	GlobalSection(SolutionProperties) = preSolution
		HideSolutionNode = FALSE
	EndGlobalSection
	GlobalSection(ExtensibilityGlobals) = postSolution
		SolutionGuid = {A6343E59-4729-412C-BA40-71258B944550}
	EndGlobalSection
EndGlobal
